# This file is autogenerated, do not edit; changes may be undone by the next 'dep ensure'.


[[projects]]
  name = "github.com/BurntSushi/toml"
  packages = ["."]
  revision = "b26d9c308763d68093482582cea63d69be07a0f0"
  version = "v0.3.0"

[[projects]]
  branch = "master"
  name = "github.com/Gurpartap/logrus-stack"
  packages = ["."]
  revision = "89c00d8a28f43c567d92eb81a2945301a6a9fbb9"

[[projects]]
  branch = "master"
  name = "github.com/facebookgo/atomicfile"
  packages = ["."]
  revision = "2de1f203e7d5e386a6833233882782932729f27e"

[[projects]]
  branch = "master"
  name = "github.com/facebookgo/pidfile"
  packages = ["."]
  revision = "f242e2999868dcd267a2b86e49ce1f9cf9e15b16"

[[projects]]
  branch = "master"
  name = "github.com/facebookgo/stack"
  packages = ["."]
  revision = "751773369052141c013c6e827a71e8f35c07879c"

[[projects]]
  name = "github.com/patrickmn/go-cache"
  packages = ["."]
  revision = "1881a9bccb818787f68c52bfba648c6cf34c34fa"
  version = "v2.0.0"

[[projects]]
  name = "github.com/sirupsen/logrus"
  packages = ["."]
  revision = "f006c2ac4710855cf0f916dd6b77acf6b048dc6e"
  version = "v1.0.3"

[[projects]]
  name = "github.com/urfave/cli"
  packages = ["."]
  revision = "cfb38830724cc34fedffe9a2a29fb54fa9169cd1"
  version = "v1.20.0"

[[projects]]
  branch = "master"
  name = "golang.org/x/crypto"
  packages = ["ssh/terminal"]
  revision = "7d9177d70076375b9a59c8fde23d52d9c4a7ecd5"

[[projects]]
  branch = "master"
  name = "golang.org/x/sys"
  packages = ["unix","windows"]
  revision = "429f518978ab01db8bb6f44b66785088e7fba58b"

[solve-meta]
  analyzer-name = "dep"
  analyzer-version = 1
  inputs-digest = "6b598e8c5eeeaad3a0d4f42b9ff65c07c85a0e3bb1955a8890a004960d1e0e7b"
  solver-name = "gps-cdcl"
  solver-version = 1
